
Microsoft Visual Studio Solution File, Format Version 12.00
Project("{FAE04EC0-301F-11D3-BF4B-00C04F79EFBC}") = "LINQ_queries_with_unit_test", "LINQ_queries_with_unit_test\LINQ_queries_with_unit_test.csproj", "{600D5B8B-574F-41B7-B1CF-C8C4943691DC}"
EndProject
Global
	GlobalSection(SolutionConfigurationPlatforms) = preSolution
		Debug|Any CPU = Debug|Any CPU
		Release|Any CPU = Release|Any CPU
	EndGlobalSection
	GlobalSection(ProjectConfigurationPlatforms) = postSolution
		{600D5B8B-574F-41B7-B1CF-C8C4943691DC}.Debug|Any CPU.ActiveCfg = Debug|Any CPU
		{600D5B8B-574F-41B7-B1CF-C8C4943691DC}.Debug|Any CPU.Build.0 = Debug|Any CPU
		{600D5B8B-574F-41B7-B1CF-C8C4943691DC}.Release|Any CPU.ActiveCfg = Release|Any CPU
		{600D5B8B-574F-41B7-B1CF-C8C4943691DC}.Release|Any CPU.Build.0 = Release|Any CPU
	EndGlobalSection
EndGlobal
